<?xml version="1.0" encoding="utf-8"?>
<Project ToolsVersion="4.0" xmlns="http://schemas.microsoft.com/developer/msbuild/2003">
  <ItemGroup>
    <Filter Include="src">
      <UniqueIdentifier>{2DAB880B-99B4-887C-2230-9F7C8E38947C}</UniqueIdentifier>
    </Filter>
    <Filter Include="src\Platform">
      <UniqueIdentifier>{21CA02E5-0D2D-9289-B6B2-CA3FA2F45D0C}</UniqueIdentifier>
    </Filter>
    <Filter Include="src\Platform\OpenGL">
      <UniqueIdentifier>{35A49437-A105-7245-2A73-B8F796D3A804}</UniqueIdentifier>
    </Filter>
    <Filter Include="src\Platform\windows">
      <UniqueIdentifier>{7B9D8C21-672C-16EB-104B-2AE6FCB82691}</UniqueIdentifier>
    </Filter>
    <Filter Include="src\hg">
      <UniqueIdentifier>{CB4D661C-B7EF-90F2-A0AA-A4468CEB1743}</UniqueIdentifier>
    </Filter>
    <Filter Include="src\hg\Core">
      <UniqueIdentifier>{03C95E46-6F7E-D73B-F872-D1126427CE3F}</UniqueIdentifier>
    </Filter>
    <Filter Include="src\hg\Debug">
      <UniqueIdentifier>{81444412-6DA7-D3B6-162D-0C6D026F9F39}</UniqueIdentifier>
    </Filter>
    <Filter Include="src\hg\Events">
      <UniqueIdentifier>{4F27575E-BBE7-D294-8422-1C12F0A11771}</UniqueIdentifier>
    </Filter>
    <Filter Include="src\hg\Renderer">
      <UniqueIdentifier>{D145B947-3DD1-260C-46E2-A900B2EC820C}</UniqueIdentifier>
    </Filter>
    <Filter Include="src\hg\Scene">
      <UniqueIdentifier>{28A75213-140A-E2B7-BD8F-1A6EA9D1AD3A}</UniqueIdentifier>
    </Filter>
    <Filter Include="src\hg\Utils">
      <UniqueIdentifier>{6B3B8013-579E-0FB8-0024-486EEC65DB3A}</UniqueIdentifier>
    </Filter>
    <Filter Include="src\hg\imGui">
      <UniqueIdentifier>{55BFE514-4122-75B9-EAA7-AD6FD6E9403C}</UniqueIdentifier>
    </Filter>
    <Filter Include="vendor">
      <UniqueIdentifier>{B3738122-9F15-ACF8-88D0-BF4C74113349}</UniqueIdentifier>
    </Filter>
    <Filter Include="vendor\ImGuizmo">
      <UniqueIdentifier>{73BF7F4C-DF4A-ED10-E85B-700554664911}</UniqueIdentifier>
    </Filter>
    <Filter Include="vendor\stb_image">
      <UniqueIdentifier>{0DA0BA59-F998-D9AB-22CB-BE300E23B9B7}</UniqueIdentifier>
    </Filter>
  </ItemGroup>
  <ItemGroup>
    <ClInclude Include="src\Platform\OpenGL\OpenGLBuffer.h">
      <Filter>src\Platform\OpenGL</Filter>
    </ClInclude>
    <ClInclude Include="src\Platform\OpenGL\OpenGLContext.h">
      <Filter>src\Platform\OpenGL</Filter>
    </ClInclude>
    <ClInclude Include="src\Platform\OpenGL\OpenGLFramebuffer.h">
      <Filter>src\Platform\OpenGL</Filter>
    </ClInclude>
    <ClInclude Include="src\Platform\OpenGL\OpenGLRendererAPI.h">
      <Filter>src\Platform\OpenGL</Filter>
    </ClInclude>
    <ClInclude Include="src\Platform\OpenGL\OpenGLShader.h">
      <Filter>src\Platform\OpenGL</Filter>
    </ClInclude>
    <ClInclude Include="src\Platform\OpenGL\OpenGLTexture.h">
      <Filter>src\Platform\OpenGL</Filter>
    </ClInclude>
    <ClInclude Include="src\Platform\OpenGL\OpenGLVertexArray.h">
      <Filter>src\Platform\OpenGL</Filter>
    </ClInclude>
    <ClInclude Include="src\Platform\windows\WindowsWindow.h">
      <Filter>src\Platform\windows</Filter>
    </ClInclude>
    <ClInclude Include="src\hg.h">
      <Filter>src</Filter>
    </ClInclude>
    <ClInclude Include="src\hg\Core\Application.h">
      <Filter>src\hg\Core</Filter>
    </ClInclude>
    <ClInclude Include="src\hg\Core\Assert.h">
      <Filter>src\hg\Core</Filter>
    </ClInclude>
    <ClInclude Include="src\hg\Core\Base.h">
      <Filter>src\hg\Core</Filter>
    </ClInclude>
    <ClInclude Include="src\hg\Core\EntryPoint.h">
      <Filter>src\hg\Core</Filter>
    </ClInclude>
    <ClInclude Include="src\hg\Core\Input.h">
      <Filter>src\hg\Core</Filter>
    </ClInclude>
    <ClInclude Include="src\hg\Core\KeyCode.h">
      <Filter>src\hg\Core</Filter>
    </ClInclude>
    <ClInclude Include="src\hg\Core\Layer.h">
      <Filter>src\hg\Core</Filter>
    </ClInclude>
    <ClInclude Include="src\hg\Core\LayerStack.h">
      <Filter>src\hg\Core</Filter>
    </ClInclude>
    <ClInclude Include="src\hg\Core\Log.h">
      <Filter>src\hg\Core</Filter>
    </ClInclude>
    <ClInclude Include="src\hg\Core\MouseCodes.h">
      <Filter>src\hg\Core</Filter>
    </ClInclude>
    <ClInclude Include="src\hg\Core\PlatformDetection.h">
      <Filter>src\hg\Core</Filter>
    </ClInclude>
    <ClInclude Include="src\hg\Core\Timestep.h">
      <Filter>src\hg\Core</Filter>
    </ClInclude>
    <ClInclude Include="src\hg\Core\Window.h">
      <Filter>src\hg\Core</Filter>
    </ClInclude>
    <ClInclude Include="src\hg\Debug\instrumentor.h">
      <Filter>src\hg\Debug</Filter>
    </ClInclude>
    <ClInclude Include="src\hg\Events\ApplicationEvent.h">
      <Filter>src\hg\Events</Filter>
    </ClInclude>
    <ClInclude Include="src\hg\Events\Event.h">
      <Filter>src\hg\Events</Filter>
    </ClInclude>
    <ClInclude Include="src\hg\Events\KeyEvent.h">
      <Filter>src\hg\Events</Filter>
    </ClInclude>
    <ClInclude Include="src\hg\Events\MouseEvent.h">
      <Filter>src\hg\Events</Filter>
    </ClInclude>
    <ClInclude Include="src\hg\Renderer\Buffer.h">
      <Filter>src\hg\Renderer</Filter>
    </ClInclude>
    <ClInclude Include="src\hg\Renderer\Camera.h">
      <Filter>src\hg\Renderer</Filter>
    </ClInclude>
    <ClInclude Include="src\hg\Renderer\Framebuffer.h">
      <Filter>src\hg\Renderer</Filter>
    </ClInclude>
    <ClInclude Include="src\hg\Renderer\GraphicsContext.h">
      <Filter>src\hg\Renderer</Filter>
    </ClInclude>
    <ClInclude Include="src\hg\Renderer\OrthographicCamera.h">
      <Filter>src\hg\Renderer</Filter>
    </ClInclude>
    <ClInclude Include="src\hg\Renderer\OrthographicCameraController.h">
      <Filter>src\hg\Renderer</Filter>
    </ClInclude>
    <ClInclude Include="src\hg\Renderer\RenderCommand.h">
      <Filter>src\hg\Renderer</Filter>
    </ClInclude>
    <ClInclude Include="src\hg\Renderer\Renderer.h">
      <Filter>src\hg\Renderer</Filter>
    </ClInclude>
    <ClInclude Include="src\hg\Renderer\Renderer2D.h">
      <Filter>src\hg\Renderer</Filter>
    </ClInclude>
    <ClInclude Include="src\hg\Renderer\RendererAPI.h">
      <Filter>src\hg\Renderer</Filter>
    </ClInclude>
    <ClInclude Include="src\hg\Renderer\Shader.h">
      <Filter>src\hg\Renderer</Filter>
    </ClInclude>
    <ClInclude Include="src\hg\Renderer\Texture.h">
      <Filter>src\hg\Renderer</Filter>
    </ClInclude>
    <ClInclude Include="src\hg\Renderer\VertexArray.h">
      <Filter>src\hg\Renderer</Filter>
    </ClInclude>
    <ClInclude Include="src\hg\Scene\Components.h">
      <Filter>src\hg\Scene</Filter>
    </ClInclude>
    <ClInclude Include="src\hg\Scene\Entity.h">
      <Filter>src\hg\Scene</Filter>
    </ClInclude>
    <ClInclude Include="src\hg\Scene\Scene.h">
      <Filter>src\hg\Scene</Filter>
    </ClInclude>
    <ClInclude Include="src\hg\Scene\SceneCamera.h">
      <Filter>src\hg\Scene</Filter>
    </ClInclude>
    <ClInclude Include="src\hg\Scene\SceneSerializer.h">
      <Filter>src\hg\Scene</Filter>
    </ClInclude>
    <ClInclude Include="src\hg\Scene\ScriptableEntity.h">
      <Filter>src\hg\Scene</Filter>
    </ClInclude>
    <ClInclude Include="src\hg\Utils\PlatformUtils.h">
      <Filter>src\hg\Utils</Filter>
    </ClInclude>
    <ClInclude Include="src\hg\imGui\ImGuiLayer.h">
      <Filter>src\hg\imGui</Filter>
    </ClInclude>
    <ClInclude Include="src\hgpch.h">
      <Filter>src</Filter>
    </ClInclude>
    <ClInclude Include="vendor\ImGuizmo\ImGuizmo.h">
      <Filter>vendor\ImGuizmo</Filter>
    </ClInclude>
    <ClInclude Include="vendor\stb_image\stb_image.h">
      <Filter>vendor\stb_image</Filter>
    </ClInclude>
  </ItemGroup>
  <ItemGroup>
    <ClCompile Include="src\Platform\OpenGL\OpenGLBuffer.cpp">
      <Filter>src\Platform\OpenGL</Filter>
    </ClCompile>
    <ClCompile Include="src\Platform\OpenGL\OpenGLContext.cpp">
      <Filter>src\Platform\OpenGL</Filter>
    </ClCompile>
    <ClCompile Include="src\Platform\OpenGL\OpenGLFramebuffer.cpp">
      <Filter>src\Platform\OpenGL</Filter>
    </ClCompile>
    <ClCompile Include="src\Platform\OpenGL\OpenGLRendererAPI.cpp">
      <Filter>src\Platform\OpenGL</Filter>
    </ClCompile>
    <ClCompile Include="src\Platform\OpenGL\OpenGLShader.cpp">
      <Filter>src\Platform\OpenGL</Filter>
    </ClCompile>
    <ClCompile Include="src\Platform\OpenGL\OpenGLTexture.cpp">
      <Filter>src\Platform\OpenGL</Filter>
    </ClCompile>
    <ClCompile Include="src\Platform\OpenGL\OpenGLVertexArray.cpp">
      <Filter>src\Platform\OpenGL</Filter>
    </ClCompile>
    <ClCompile Include="src\Platform\windows\WindowsInput.cpp">
      <Filter>src\Platform\windows</Filter>
    </ClCompile>
    <ClCompile Include="src\Platform\windows\WindowsPlatformUtils.cpp">
      <Filter>src\Platform\windows</Filter>
    </ClCompile>
    <ClCompile Include="src\Platform\windows\WindowsWindow.cpp">
      <Filter>src\Platform\windows</Filter>
    </ClCompile>
    <ClCompile Include="src\hg\Core\Application.cpp">
      <Filter>src\hg\Core</Filter>
    </ClCompile>
    <ClCompile Include="src\hg\Core\Layer.cpp">
      <Filter>src\hg\Core</Filter>
    </ClCompile>
    <ClCompile Include="src\hg\Core\LayerStack.cpp">
      <Filter>src\hg\Core</Filter>
    </ClCompile>
    <ClCompile Include="src\hg\Core\Log.cpp">
      <Filter>src\hg\Core</Filter>
    </ClCompile>
    <ClCompile Include="src\hg\Core\Window.cpp">
      <Filter>src\hg\Core</Filter>
    </ClCompile>
    <ClCompile Include="src\hg\Renderer\Buffer.cpp">
      <Filter>src\hg\Renderer</Filter>
    </ClCompile>
    <ClCompile Include="src\hg\Renderer\Framebuffer.cpp">
      <Filter>src\hg\Renderer</Filter>
    </ClCompile>
    <ClCompile Include="src\hg\Renderer\OrthographicCamera.cpp">
      <Filter>src\hg\Renderer</Filter>
    </ClCompile>
    <ClCompile Include="src\hg\Renderer\OrthographicCameraController.cpp">
      <Filter>src\hg\Renderer</Filter>
    </ClCompile>
    <ClCompile Include="src\hg\Renderer\RenderCommand.cpp">
      <Filter>src\hg\Renderer</Filter>
    </ClCompile>
    <ClCompile Include="src\hg\Renderer\Renderer.cpp">
      <Filter>src\hg\Renderer</Filter>
    </ClCompile>
    <ClCompile Include="src\hg\Renderer\Renderer2D.cpp">
      <Filter>src\hg\Renderer</Filter>
    </ClCompile>
    <ClCompile Include="src\hg\Renderer\RendererAPI.cpp">
      <Filter>src\hg\Renderer</Filter>
    </ClCompile>
    <ClCompile Include="src\hg\Renderer\Shader.cpp">
      <Filter>src\hg\Renderer</Filter>
    </ClCompile>
    <ClCompile Include="src\hg\Renderer\Texture.cpp">
      <Filter>src\hg\Renderer</Filter>
    </ClCompile>
    <ClCompile Include="src\hg\Renderer\VertexArray.cpp">
      <Filter>src\hg\Renderer</Filter>
    </ClCompile>
    <ClCompile Include="src\hg\Scene\Entity.cpp">
      <Filter>src\hg\Scene</Filter>
    </ClCompile>
    <ClCompile Include="src\hg\Scene\Scene.cpp">
      <Filter>src\hg\Scene</Filter>
    </ClCompile>
    <ClCompile Include="src\hg\Scene\SceneCamera.cpp">
      <Filter>src\hg\Scene</Filter>
    </ClCompile>
    <ClCompile Include="src\hg\Scene\SceneSerializer.cpp">
      <Filter>src\hg\Scene</Filter>
    </ClCompile>
    <ClCompile Include="src\hg\imGui\ImGuiBuild.cpp">
      <Filter>src\hg\imGui</Filter>
    </ClCompile>
    <ClCompile Include="src\hg\imGui\ImGuiLayer.cpp">
      <Filter>src\hg\imGui</Filter>
    </ClCompile>
    <ClCompile Include="src\hgpch.cpp">
      <Filter>src</Filter>
    </ClCompile>
    <ClCompile Include="vendor\ImGuizmo\ImGuizmo.cpp">
      <Filter>vendor\ImGuizmo</Filter>
    </ClCompile>
    <ClCompile Include="vendor\stb_image\stb_image.cpp">
      <Filter>vendor\stb_image</Filter>
    </ClCompile>
  </ItemGroup>
</Project>