<?xml version="1.0" encoding="utf-8"?>
<Project ToolsVersion="4.0" xmlns="http://schemas.microsoft.com/developer/msbuild/2003">
  <ItemGroup>
    <ClCompile Include="src\Panels\SceneHierarchyPanel.cpp" />
    <ClCompile Include="EditorLayer.cpp" />
    <ClCompile Include="HGnutApp.cpp" />
  </ItemGroup>
  <ItemGroup>
    <ClInclude Include="src\Panels\SceneHierarchyPanel.h" />
    <ClInclude Include="EditorLayer.h" />
  </ItemGroup>
</Project>